// !$*UTF8*$!
{
	archiveVersion = 1;
	classes = {
	};
	objectVersion = 46;
	objects = {

/* Begin PBXBuildFile section */
		5903A6F21457EFCA00360325 /* UIKit.framework in Frameworks */ = {isa = PBXBuildFile; fileRef = 5903A6F11457EFCA00360325 /* UIKit.framework */; };
		5903A6F41457EFCA00360325 /* Foundation.framework in Frameworks */ = {isa = PBXBuildFile; fileRef = 5903A6F31457EFCA00360325 /* Foundation.framework */; };
		5903A6F61457EFCA00360325 /* CoreGraphics.framework in Frameworks */ = {isa = PBXBuildFile; fileRef = 5903A6F51457EFCA00360325 /* CoreGraphics.framework */; };
		5903A6FC1457EFCA00360325 /* InfoPlist.strings in Resources */ = {isa = PBXBuildFile; fileRef = 5903A6FA1457EFCA00360325 /* InfoPlist.strings */; };
		5903A6FE1457EFCA00360325 /* main.m in Sources */ = {isa = PBXBuildFile; fileRef = 5903A6FD1457EFCA00360325 /* main.m */; };
		5903A7021457EFCA00360325 /* MSAppDelegate.m in Sources */ = {isa = PBXBuildFile; fileRef = 5903A7011457EFCA00360325 /* MSAppDelegate.m */; };
		5903A7051457EFCA00360325 /* MSMainViewController.m in Sources */ = {isa = PBXBuildFile; fileRef = 5903A7041457EFCA00360325 /* MSMainViewController.m */; };
		5903A7081457EFCA00360325 /* MSFlipsideViewController.m in Sources */ = {isa = PBXBuildFile; fileRef = 5903A7071457EFCA00360325 /* MSFlipsideViewController.m */; };
		5903A70B1457EFCA00360325 /* MSMainViewController_iPhone.xib in Resources */ = {isa = PBXBuildFile; fileRef = 5903A7091457EFCA00360325 /* MSMainViewController_iPhone.xib */; };
		5903A70E1457EFCA00360325 /* MSMainViewController_iPad.xib in Resources */ = {isa = PBXBuildFile; fileRef = 5903A70C1457EFCA00360325 /* MSMainViewController_iPad.xib */; };
		5903A7111457EFCA00360325 /* MSFlipsideViewController.xib in Resources */ = {isa = PBXBuildFile; fileRef = 5903A70F1457EFCA00360325 /* MSFlipsideViewController.xib */; };
/* End PBXBuildFile section */

/* Begin PBXFileReference section */
		5903A6ED1457EFCA00360325 /* MaxSMS.app */ = {isa = PBXFileReference; explicitFileType = wrapper.application; includeInIndex = 0; path = MaxSMS.app; sourceTree = BUILT_PRODUCTS_DIR; };
		5903A6F11457EFCA00360325 /* UIKit.framework */ = {isa = PBXFileReference; lastKnownFileType = wrapper.framework; name = UIKit.framework; path = System/Library/Frameworks/UIKit.framework; sourceTree = SDKROOT; };
		5903A6F31457EFCA00360325 /* Foundation.framework */ = {isa = PBXFileReference; lastKnownFileType = wrapper.framework; name = Foundation.framework; path = System/Library/Frameworks/Foundation.framework; sourceTree = SDKROOT; };
		5903A6F51457EFCA00360325 /* CoreGraphics.framework */ = {isa = PBXFileReference; lastKnownFileType = wrapper.framework; name = CoreGraphics.framework; path = System/Library/Frameworks/CoreGraphics.framework; sourceTree = SDKROOT; };
		5903A6F91457EFCA00360325 /* MaxSMS-Info.plist */ = {isa = PBXFileReference; path = "MaxSMS-Info.plist"; sourceTree = "<group>"; };
		5903A6FB1457EFCA00360325 /* en */ = {isa = PBXFileReference; lastKnownFileType = text.plist.strings; name = en; path = en.lproj/InfoPlist.strings; sourceTree = "<group>"; };
		5903A6FD1457EFCA00360325 /* main.m */ = {isa = PBXFileReference; lastKnownFileType = sourcecode.c.objc; path = main.m; sourceTree = "<group>"; };
		5903A6FF1457EFCA00360325 /* MaxSMS-Prefix.pch */ = {isa = PBXFileReference; path = "MaxSMS-Prefix.pch"; sourceTree = "<group>"; };
		5903A7001457EFCA00360325 /* MSAppDelegate.h */ = {isa = PBXFileReference; path = MSAppDelegate.h; sourceTree = "<group>"; };
		5903A7011457EFCA00360325 /* MSAppDelegate.m */ = {isa = PBXFileReference; lastKnownFileType = sourcecode.c.objc; path = MSAppDelegate.m; sourceTree = "<group>"; };
		5903A7031457EFCA00360325 /* MSMainViewController.h */ = {isa = PBXFileReference; path = MSMainViewController.h; sourceTree = "<group>"; };
		5903A7041457EFCA00360325 /* MSMainViewController.m */ = {isa = PBXFileReference; lastKnownFileType = sourcecode.c.objc; path = MSMainViewController.m; sourceTree = "<group>"; };
		5903A7061457EFCA00360325 /* MSFlipsideViewController.h */ = {isa = PBXFileReference; path = MSFlipsideViewController.h; sourceTree = "<group>"; };
		5903A7071457EFCA00360325 /* MSFlipsideViewController.m */ = {isa = PBXFileReference; lastKnownFileType = sourcecode.c.objc; path = MSFlipsideViewController.m; sourceTree = "<group>"; };
		5903A70A1457EFCA00360325 /* en */ = {isa = PBXFileReference; lastKnownFileType = file.xib; name = en; path = en.lproj/MSMainViewController_iPhone.xib; sourceTree = "<group>"; };
		5903A70D1457EFCA00360325 /* en */ = {isa = PBXFileReference; lastKnownFileType = file.xib; name = en; path = en.lproj/MSMainViewController_iPad.xib; sourceTree = "<group>"; };
		5903A7101457EFCA00360325 /* en */ = {isa = PBXFileReference; lastKnownFileType = file.xib; name = en; path = en.lproj/MSFlipsideViewController.xib; sourceTree = "<group>"; };
/* End PBXFileReference section */

/* Begin PBXFrameworksBuildPhase section */
		5903A6EA1457EFCA00360325 /* Frameworks */ = {
			isa = PBXFrameworksBuildPhase;
			buildActionMask = 2147483647;
			files = (
				5903A6F21457EFCA00360325 /* UIKit.framework in Frameworks */,
				5903A6F41457EFCA00360325 /* Foundation.framework in Frameworks */,
				5903A6F61457EFCA00360325 /* CoreGraphics.framework in Frameworks */,
			);
			runOnlyForDeploymentPostprocessing = 0;
		};
/* End PBXFrameworksBuildPhase section */

/* Begin PBXGroup section */
		5903A6E21457EFCA00360325 = {
			isa = PBXGroup;
			children = (
				5903A6F71457EFCA00360325 /* MaxSMS */,
				5903A6F01457EFCA00360325 /* Frameworks */,
				5903A6EE1457EFCA00360325 /* Products */,
			);
			sourceTree = "<group>";
		};
		5903A6EE1457EFCA00360325 /* Products */ = {
			isa = PBXGroup;
			children = (
				5903A6ED1457EFCA00360325 /* MaxSMS.app */,
			);
			name = Products;
			sourceTree = "<group>";
		};
		5903A6F01457EFCA00360325 /* Frameworks */ = {
			isa = PBXGroup;
			children = (
				5903A6F11457EFCA00360325 /* UIKit.framework */,
				5903A6F31457EFCA00360325 /* Foundation.framework */,
				5903A6F51457EFCA00360325 /* CoreGraphics.framework */,
			);
			name = Frameworks;
			sourceTree = "<group>";
		};
		5903A6F71457EFCA00360325 /* MaxSMS */ = {
			isa = PBXGroup;
			children = (
				5903A7001457EFCA00360325 /* MSAppDelegate.h */,
				5903A7011457EFCA00360325 /* MSAppDelegate.m */,
				5903A7031457EFCA00360325 /* MSMainViewController.h */,
				5903A7041457EFCA00360325 /* MSMainViewController.m */,
				5903A7061457EFCA00360325 /* MSFlipsideViewController.h */,
				5903A7071457EFCA00360325 /* MSFlipsideViewController.m */,
				5903A7091457EFCA00360325 /* MSMainViewController_iPhone.xib */,
				5903A70C1457EFCA00360325 /* MSMainViewController_iPad.xib */,
				5903A70F1457EFCA00360325 /* MSFlipsideViewController.xib */,
				5903A6F81457EFCA00360325 /* Supporting Files */,
			);
			path = MaxSMS;
			sourceTree = "<group>";
		};
		5903A6F81457EFCA00360325 /* Supporting Files */ = {
			isa = PBXGroup;
			children = (
				5903A6F91457EFCA00360325 /* MaxSMS-Info.plist */,
				5903A6FA1457EFCA00360325 /* InfoPlist.strings */,
				5903A6FD1457EFCA00360325 /* main.m */,
				5903A6FF1457EFCA00360325 /* MaxSMS-Prefix.pch */,
			);
			name = "Supporting Files";
			sourceTree = "<group>";
		};
/* End PBXGroup section */

/* Begin PBXNativeTarget section */
		5903A6EC1457EFCA00360325 /* MaxSMS */ = {
			isa = PBXNativeTarget;
			buildConfigurationList = 5903A7141457EFCA00360325 /* Build configuration list for PBXNativeTarget "MaxSMS" */;
			buildPhases = (
				5903A6E91457EFCA00360325 /* Sources */,
				5903A6EA1457EFCA00360325 /* Frameworks */,
				5903A6EB1457EFCA00360325 /* Resources */,
			);
			buildRules = (
			);
			dependencies = (
			);
			name = MaxSMS;
			productName = MaxSMS;
			productReference = 5903A6ED1457EFCA00360325 /* MaxSMS.app */;
			productType = "com.apple.product-type.application";
		};
/* End PBXNativeTarget section */

/* Begin PBXProject section */
		5903A6E41457EFCA00360325 /* Project object */ = {
			isa = PBXProject;
			attributes = {
				LastUpgradeCheck = 0420;
				ORGANIZATIONNAME = Student;
			};
			buildConfigurationList = 5903A6E71457EFCA00360325 /* Build configuration list for PBXProject "MaxSMS" */;
			compatibilityVersion = "Xcode 3.2";
			developmentRegion = English;
			hasScannedForEncodings = 0;
			knownRegions = (
				en,
			);
			mainGroup = 5903A6E21457EFCA00360325;
			productRefGroup = 5903A6EE1457EFCA00360325 /* Products */;
			projectDirPath = "";
			projectRoot = "";
			targets = (
				5903A6EC1457EFCA00360325 /* MaxSMS */,
			);
		};
/* End PBXProject section */

/* Begin PBXResourcesBuildPhase section */
		5903A6EB1457EFCA00360325 /* Resources */ = {
			isa = PBXResourcesBuildPhase;
			buildActionMask = 2147483647;
			files = (
				5903A6FC1457EFCA00360325 /* InfoPlist.strings in Resources */,
				5903A70B1457EFCA00360325 /* MSMainViewController_iPhone.xib in Resources */,
				5903A70E1457EFCA00360325 /* MSMainViewController_iPad.xib in Resources */,
				5903A7111457EFCA00360325 /* MSFlipsideViewController.xib in Resources */,
			);
			runOnlyForDeploymentPostprocessing = 0;
		};
/* End PBXResourcesBuildPhase section */

/* Begin PBXSourcesBuildPhase section */
		5903A6E91457EFCA00360325 /* Sources */ = {
			isa = PBXSourcesBuildPhase;
			buildActionMask = 2147483647;
			files = (
				5903A6FE1457EFCA00360325 /* main.m in Sources */,
				5903A7021457EFCA00360325 /* MSAppDelegate.m in Sources */,
				5903A7051457EFCA00360325 /* MSMainViewController.m in Sources */,
				5903A7081457EFCA00360325 /* MSFlipsideViewController.m in Sources */,
			);
			runOnlyForDeploymentPostprocessing = 0;
		};
/* End PBXSourcesBuildPhase section */

/* Begin PBXVariantGroup section */
		5903A6FA1457EFCA00360325 /* InfoPlist.strings */ = {
			isa = PBXVariantGroup;
			children = (
				5903A6FB1457EFCA00360325 /* en */,
			);
			name = InfoPlist.strings;
			sourceTree = "<group>";
		};
		5903A7091457EFCA00360325 /* MSMainViewController_iPhone.xib */ = {
			isa = PBXVariantGroup;
			children = (
				5903A70A1457EFCA00360325 /* en */,
			);
			name = MSMainViewController_iPhone.xib;
			sourceTree = "<group>";
		};
		5903A70C1457EFCA00360325 /* MSMainViewController_iPad.xib */ = {
			isa = PBXVariantGroup;
			children = (
				5903A70D1457EFCA00360325 /* en */,
			);
			name = MSMainViewController_iPad.xib;
			sourceTree = "<group>";
		};
		5903A70F1457EFCA00360325 /* MSFlipsideViewController.xib */ = {
			isa = PBXVariantGroup;
			children = (
				5903A7101457EFCA00360325 /* en */,
			);
			name = MSFlipsideViewController.xib;
			sourceTree = "<group>";
		};
/* End PBXVariantGroup section */

/* Begin XCBuildConfiguration section */
		5903A7121457EFCA00360325 /* Debug */ = {
			isa = XCBuildConfiguration;
			buildSettings = {
				ALWAYS_SEARCH_USER_PATHS = NO;
				ARCHS = "$(ARCHS_STANDARD_32_BIT)";
				"CODE_SIGN_IDENTITY[sdk=iphoneos*]" = "iPhone Developer";
				COPY_PHASE_STRIP = NO;
				GCC_C_LANGUAGE_STANDARD = gnu99;
				GCC_DYNAMIC_NO_PIC = NO;
				GCC_OPTIMIZATION_LEVEL = 0;
				GCC_PREPROCESSOR_DEFINITIONS = (
					"DEBUG=1",
					"$(inherited)",
				);
				GCC_SYMBOLS_PRIVATE_EXTERN = NO;
				GCC_VERSION = com.apple.compilers.llvm.clang.1_0;
				GCC_WARN_ABOUT_MISSING_PROTOTYPES = YES;
				GCC_WARN_ABOUT_RETURN_TYPE = YES;
				GCC_WARN_UNUSED_VARIABLE = YES;
				IPHONEOS_DEPLOYMENT_TARGET = 5.0;
				SDKROOT = iphoneos;
				TARGETED_DEVICE_FAMILY = "1,2";
			};
			name = Debug;
		};
		5903A7131457EFCA00360325 /* Release */ = {
			isa = XCBuildConfiguration;
			buildSettings = {
				ALWAYS_SEARCH_USER_PATHS = NO;
				ARCHS = "$(ARCHS_STANDARD_32_BIT)";
				"CODE_SIGN_IDENTITY[sdk=iphoneos*]" = "iPhone Developer";
				COPY_PHASE_STRIP = YES;
				GCC_C_LANGUAGE_STANDARD = gnu99;
				GCC_VERSION = com.apple.compilers.llvm.clang.1_0;
				GCC_WARN_ABOUT_MISSING_PROTOTYPES = YES;
				GCC_WARN_ABOUT_RETURN_TYPE = YES;
				GCC_WARN_UNUSED_VARIABLE = YES;
				IPHONEOS_DEPLOYMENT_TARGET = 5.0;
				OTHER_CFLAGS = "-DNS_BLOCK_ASSERTIONS=1";
				SDKROOT = iphoneos;
				TARGETED_DEVICE_FAMILY = "1,2";
				VALIDATE_PRODUCT = YES;
			};
			name = Release;
		};
		5903A7151457EFCA00360325 /* Debug */ = {
			isa = XCBuildConfiguration;
			buildSettings = {
				GCC_PRECOMPILE_PREFIX_HEADER = YES;
				GCC_PREFIX_HEADER = "MaxSMS/MaxSMS-Prefix.pch";
				INFOPLIST_FILE = "MaxSMS/MaxSMS-Info.plist";
				PRODUCT_NAME = "$(TARGET_NAME)";
				WRAPPER_EXTENSION = app;
			};
			name = Debug;
		};
		5903A7161457EFCA00360325 /* Release */ = {
			isa = XCBuildConfiguration;
			buildSettings = {
				GCC_PRECOMPILE_PREFIX_HEADER = YES;
				GCC_PREFIX_HEADER = "MaxSMS/MaxSMS-Prefix.pch";
				INFOPLIST_FILE = "MaxSMS/MaxSMS-Info.plist";
				PRODUCT_NAME = "$(TARGET_NAME)";
				WRAPPER_EXTENSION = app;
			};
			name = Release;
		};
/* End XCBuildConfiguration section */

/* Begin XCConfigurationList section */
		5903A6E71457EFCA00360325 /* Build configuration list for PBXProject "MaxSMS" */ = {
			isa = XCConfigurationList;
			buildConfigurations = (
				5903A7121457EFCA00360325 /* Debug */,
				5903A7131457EFCA00360325 /* Release */,
			);
			defaultConfigurationIsVisible = 0;
			defaultConfigurationName = Release;
		};
		5903A7141457EFCA00360325 /* Build configuration list for PBXNativeTarget "MaxSMS" */ = {
			isa = XCConfigurationList;
			buildConfigurations = (
				5903A7151457EFCA00360325 /* Debug */,
				5903A7161457EFCA00360325 /* Release */,
			);
			defaultConfigurationIsVisible = 0;
		};
/* End XCConfigurationList section */
	};
	rootObject = 5903A6E41457EFCA00360325 /* Project object */;
}
