// !$*UTF8*$!
{
	archiveVersion = 1;
	classes = {
	};
	objectVersion = 46;
	objects = {

/* Begin PBXBuildFile section */
		236A575A1571CC9000EF7B09 /* Storyboard.storyboard in Resources */ = {isa = PBXBuildFile; fileRef = 236A57591571CC9000EF7B09 /* Storyboard.storyboard */; };
		236A57601571D1E700EF7B09 /* 08-chat.png in Resources */ = {isa = PBXBuildFile; fileRef = 236A575C1571D1E700EF7B09 /* 08-chat.png */; };
		236A57611571D1E700EF7B09 /* 08-chat@2x.png in Resources */ = {isa = PBXBuildFile; fileRef = 236A575D1571D1E700EF7B09 /* 08-chat@2x.png */; };
		236A57621571D1E700EF7B09 /* 20-gear2.png in Resources */ = {isa = PBXBuildFile; fileRef = 236A575E1571D1E700EF7B09 /* 20-gear2.png */; };
		236A57631571D1E700EF7B09 /* 20-gear2@2x.png in Resources */ = {isa = PBXBuildFile; fileRef = 236A575F1571D1E700EF7B09 /* 20-gear2@2x.png */; };
		23E30C68157128C600C84A73 /* txture.png in Resources */ = {isa = PBXBuildFile; fileRef = 23E30C67157128C600C84A73 /* txture.png */; };
		5903A6F21457EFCA00360325 /* UIKit.framework in Frameworks */ = {isa = PBXBuildFile; fileRef = 5903A6F11457EFCA00360325 /* UIKit.framework */; };
		5903A6F41457EFCA00360325 /* Foundation.framework in Frameworks */ = {isa = PBXBuildFile; fileRef = 5903A6F31457EFCA00360325 /* Foundation.framework */; };
		5903A6F61457EFCA00360325 /* CoreGraphics.framework in Frameworks */ = {isa = PBXBuildFile; fileRef = 5903A6F51457EFCA00360325 /* CoreGraphics.framework */; };
		5903A6FC1457EFCA00360325 /* InfoPlist.strings in Resources */ = {isa = PBXBuildFile; fileRef = 5903A6FA1457EFCA00360325 /* InfoPlist.strings */; };
		5903A6FE1457EFCA00360325 /* main.m in Sources */ = {isa = PBXBuildFile; fileRef = 5903A6FD1457EFCA00360325 /* main.m */; };
		5903A7021457EFCA00360325 /* MSAppDelegate.m in Sources */ = {isa = PBXBuildFile; fileRef = 5903A7011457EFCA00360325 /* MSAppDelegate.m */; };
		5903A7051457EFCA00360325 /* MSMainViewController.m in Sources */ = {isa = PBXBuildFile; fileRef = 5903A7041457EFCA00360325 /* MSMainViewController.m */; };
		5903A7081457EFCA00360325 /* MSFlipsideViewController.m in Sources */ = {isa = PBXBuildFile; fileRef = 5903A7071457EFCA00360325 /* MSFlipsideViewController.m */; };
		59767CBF1577E1A900C8A595 /* button.png in Resources */ = {isa = PBXBuildFile; fileRef = 59767CBE1577E1A900C8A595 /* button.png */; };
		59AFC61814A61C5400061A8D /* AddressBook.framework in Frameworks */ = {isa = PBXBuildFile; fileRef = 59AFC61614A61C5400061A8D /* AddressBook.framework */; };
		59AFC61914A61C5400061A8D /* AddressBookUI.framework in Frameworks */ = {isa = PBXBuildFile; fileRef = 59AFC61714A61C5400061A8D /* AddressBookUI.framework */; };
		59BE646C15A960CE006AA9F8 /* Icon-Small-50@2x.png in Resources */ = {isa = PBXBuildFile; fileRef = 59BE646215A960CE006AA9F8 /* Icon-Small-50@2x.png */; };
		59BE646D15A960CE006AA9F8 /* Icon-Small-50.png in Resources */ = {isa = PBXBuildFile; fileRef = 59BE646315A960CE006AA9F8 /* Icon-Small-50.png */; };
		59BE646E15A960CE006AA9F8 /* iTunesArtwork@2x.png in Resources */ = {isa = PBXBuildFile; fileRef = 59BE646415A960CE006AA9F8 /* iTunesArtwork@2x.png */; };
		59BE646F15A960CE006AA9F8 /* Icon@2x.png in Resources */ = {isa = PBXBuildFile; fileRef = 59BE646515A960CE006AA9F8 /* Icon@2x.png */; };
		59BE647015A960CE006AA9F8 /* Icon-72@2x.png in Resources */ = {isa = PBXBuildFile; fileRef = 59BE646615A960CE006AA9F8 /* Icon-72@2x.png */; };
		59BE647115A960CE006AA9F8 /* Icon.png in Resources */ = {isa = PBXBuildFile; fileRef = 59BE646715A960CE006AA9F8 /* Icon.png */; };
		59BE647215A960CE006AA9F8 /* Icon-Small@2x.png in Resources */ = {isa = PBXBuildFile; fileRef = 59BE646815A960CE006AA9F8 /* Icon-Small@2x.png */; };
		59BE647315A960CE006AA9F8 /* Icon-72.png in Resources */ = {isa = PBXBuildFile; fileRef = 59BE646915A960CE006AA9F8 /* Icon-72.png */; };
		59BE647415A960CE006AA9F8 /* Icon-Small.png in Resources */ = {isa = PBXBuildFile; fileRef = 59BE646A15A960CE006AA9F8 /* Icon-Small.png */; };
		59BE647515A960CE006AA9F8 /* iTunesArtwork in Resources */ = {isa = PBXBuildFile; fileRef = 59BE646B15A960CE006AA9F8 /* iTunesArtwork */; };
		59C835C91571E0A100BDB7B7 /* txture@2x.png in Resources */ = {isa = PBXBuildFile; fileRef = 59C835C81571E0A100BDB7B7 /* txture@2x.png */; };
		59E684EE1457F0E90027F64C /* README.md in Resources */ = {isa = PBXBuildFile; fileRef = 59E684ED1457F0E90027F64C /* README.md */; };
		59E684F61457F2E30027F64C /* Settings.bundle in Resources */ = {isa = PBXBuildFile; fileRef = 59E684F51457F2E30027F64C /* Settings.bundle */; };
		DDF9F587418C4E529D5F2926 /* libPods.a in Frameworks */ = {isa = PBXBuildFile; fileRef = 58CADDD4EF6042859A16DFD2 /* libPods.a */; };
/* End PBXBuildFile section */

/* Begin PBXFileReference section */
		21598522C705486C9B943975 /* Pods.xcconfig */ = {isa = PBXFileReference; lastKnownFileType = text.xcconfig; name = Pods.xcconfig; path = Pods/Pods.xcconfig; sourceTree = SOURCE_ROOT; };
		236A57591571CC9000EF7B09 /* Storyboard.storyboard */ = {isa = PBXFileReference; fileEncoding = 4; lastKnownFileType = file.storyboard; path = Storyboard.storyboard; sourceTree = "<group>"; };
		236A575C1571D1E700EF7B09 /* 08-chat.png */ = {isa = PBXFileReference; lastKnownFileType = image.png; path = "08-chat.png"; sourceTree = "<group>"; };
		236A575D1571D1E700EF7B09 /* 08-chat@2x.png */ = {isa = PBXFileReference; lastKnownFileType = image.png; path = "08-chat@2x.png"; sourceTree = "<group>"; };
		236A575E1571D1E700EF7B09 /* 20-gear2.png */ = {isa = PBXFileReference; lastKnownFileType = image.png; path = "20-gear2.png"; sourceTree = "<group>"; };
		236A575F1571D1E700EF7B09 /* 20-gear2@2x.png */ = {isa = PBXFileReference; lastKnownFileType = image.png; path = "20-gear2@2x.png"; sourceTree = "<group>"; };
		23E30C67157128C600C84A73 /* txture.png */ = {isa = PBXFileReference; lastKnownFileType = image.png; path = txture.png; sourceTree = "<group>"; };
		58CADDD4EF6042859A16DFD2 /* libPods.a */ = {isa = PBXFileReference; explicitFileType = archive.ar; includeInIndex = 0; path = libPods.a; sourceTree = BUILT_PRODUCTS_DIR; };
		5903A6ED1457EFCA00360325 /* MaxSMS.app */ = {isa = PBXFileReference; explicitFileType = wrapper.application; includeInIndex = 0; path = MaxSMS.app; sourceTree = BUILT_PRODUCTS_DIR; };
		5903A6F11457EFCA00360325 /* UIKit.framework */ = {isa = PBXFileReference; lastKnownFileType = wrapper.framework; name = UIKit.framework; path = System/Library/Frameworks/UIKit.framework; sourceTree = SDKROOT; };
		5903A6F31457EFCA00360325 /* Foundation.framework */ = {isa = PBXFileReference; lastKnownFileType = wrapper.framework; name = Foundation.framework; path = System/Library/Frameworks/Foundation.framework; sourceTree = SDKROOT; };
		5903A6F51457EFCA00360325 /* CoreGraphics.framework */ = {isa = PBXFileReference; lastKnownFileType = wrapper.framework; name = CoreGraphics.framework; path = System/Library/Frameworks/CoreGraphics.framework; sourceTree = SDKROOT; };
		5903A6F91457EFCA00360325 /* MaxSMS-Info.plist */ = {isa = PBXFileReference; lastKnownFileType = text.plist.xml; path = "MaxSMS-Info.plist"; sourceTree = "<group>"; };
		5903A6FB1457EFCA00360325 /* en */ = {isa = PBXFileReference; lastKnownFileType = text.plist.strings; name = en; path = en.lproj/InfoPlist.strings; sourceTree = "<group>"; };
		5903A6FD1457EFCA00360325 /* main.m */ = {isa = PBXFileReference; lastKnownFileType = sourcecode.c.objc; path = main.m; sourceTree = "<group>"; };
		5903A6FF1457EFCA00360325 /* MaxSMS-Prefix.pch */ = {isa = PBXFileReference; lastKnownFileType = sourcecode.c.h; path = "MaxSMS-Prefix.pch"; sourceTree = "<group>"; };
		5903A7001457EFCA00360325 /* MSAppDelegate.h */ = {isa = PBXFileReference; lastKnownFileType = sourcecode.c.h; path = MSAppDelegate.h; sourceTree = "<group>"; };
		5903A7011457EFCA00360325 /* MSAppDelegate.m */ = {isa = PBXFileReference; lastKnownFileType = sourcecode.c.objc; path = MSAppDelegate.m; sourceTree = "<group>"; };
		5903A7031457EFCA00360325 /* MSMainViewController.h */ = {isa = PBXFileReference; lastKnownFileType = sourcecode.c.h; path = MSMainViewController.h; sourceTree = "<group>"; };
		5903A7041457EFCA00360325 /* MSMainViewController.m */ = {isa = PBXFileReference; lastKnownFileType = sourcecode.c.objc; path = MSMainViewController.m; sourceTree = "<group>"; };
		5903A7061457EFCA00360325 /* MSFlipsideViewController.h */ = {isa = PBXFileReference; lastKnownFileType = sourcecode.c.h; path = MSFlipsideViewController.h; sourceTree = "<group>"; };
		5903A7071457EFCA00360325 /* MSFlipsideViewController.m */ = {isa = PBXFileReference; lastKnownFileType = sourcecode.c.objc; path = MSFlipsideViewController.m; sourceTree = "<group>"; };
		59767CBE1577E1A900C8A595 /* button.png */ = {isa = PBXFileReference; lastKnownFileType = image.png; path = button.png; sourceTree = "<group>"; };
		59AFC61614A61C5400061A8D /* AddressBook.framework */ = {isa = PBXFileReference; lastKnownFileType = wrapper.framework; name = AddressBook.framework; path = System/Library/Frameworks/AddressBook.framework; sourceTree = SDKROOT; };
		59AFC61714A61C5400061A8D /* AddressBookUI.framework */ = {isa = PBXFileReference; lastKnownFileType = wrapper.framework; name = AddressBookUI.framework; path = System/Library/Frameworks/AddressBookUI.framework; sourceTree = SDKROOT; };
		59BE646215A960CE006AA9F8 /* Icon-Small-50@2x.png */ = {isa = PBXFileReference; lastKnownFileType = image.png; path = "Icon-Small-50@2x.png"; sourceTree = "<group>"; };
		59BE646315A960CE006AA9F8 /* Icon-Small-50.png */ = {isa = PBXFileReference; lastKnownFileType = image.png; path = "Icon-Small-50.png"; sourceTree = "<group>"; };
		59BE646415A960CE006AA9F8 /* iTunesArtwork@2x.png */ = {isa = PBXFileReference; lastKnownFileType = image.png; path = "iTunesArtwork@2x.png"; sourceTree = "<group>"; };
		59BE646515A960CE006AA9F8 /* Icon@2x.png */ = {isa = PBXFileReference; lastKnownFileType = image.png; path = "Icon@2x.png"; sourceTree = "<group>"; };
		59BE646615A960CE006AA9F8 /* Icon-72@2x.png */ = {isa = PBXFileReference; lastKnownFileType = image.png; path = "Icon-72@2x.png"; sourceTree = "<group>"; };
		59BE646715A960CE006AA9F8 /* Icon.png */ = {isa = PBXFileReference; lastKnownFileType = image.png; path = Icon.png; sourceTree = "<group>"; };
		59BE646815A960CE006AA9F8 /* Icon-Small@2x.png */ = {isa = PBXFileReference; lastKnownFileType = image.png; path = "Icon-Small@2x.png"; sourceTree = "<group>"; };
		59BE646915A960CE006AA9F8 /* Icon-72.png */ = {isa = PBXFileReference; lastKnownFileType = image.png; path = "Icon-72.png"; sourceTree = "<group>"; };
		59BE646A15A960CE006AA9F8 /* Icon-Small.png */ = {isa = PBXFileReference; lastKnownFileType = image.png; path = "Icon-Small.png"; sourceTree = "<group>"; };
		59BE646B15A960CE006AA9F8 /* iTunesArtwork */ = {isa = PBXFileReference; lastKnownFileType = file; path = iTunesArtwork; sourceTree = "<group>"; };
		59C835C81571E0A100BDB7B7 /* txture@2x.png */ = {isa = PBXFileReference; lastKnownFileType = image.png; path = "txture@2x.png"; sourceTree = "<group>"; };
		59E684EC1457F0E30027F64C /* LICENSE */ = {isa = PBXFileReference; lastKnownFileType = text; name = LICENSE; path = ../LICENSE; sourceTree = "<group>"; };
		59E684ED1457F0E90027F64C /* README.md */ = {isa = PBXFileReference; fileEncoding = 4; lastKnownFileType = text; name = README.md; path = ../README.md; sourceTree = "<group>"; };
		59E684F51457F2E30027F64C /* Settings.bundle */ = {isa = PBXFileReference; lastKnownFileType = "wrapper.plug-in"; name = Settings.bundle; path = ../Settings.bundle; sourceTree = "<group>"; };
/* End PBXFileReference section */

/* Begin PBXFrameworksBuildPhase section */
		5903A6EA1457EFCA00360325 /* Frameworks */ = {
			isa = PBXFrameworksBuildPhase;
			buildActionMask = 2147483647;
			files = (
				59AFC61814A61C5400061A8D /* AddressBook.framework in Frameworks */,
				59AFC61914A61C5400061A8D /* AddressBookUI.framework in Frameworks */,
				5903A6F21457EFCA00360325 /* UIKit.framework in Frameworks */,
				5903A6F41457EFCA00360325 /* Foundation.framework in Frameworks */,
				5903A6F61457EFCA00360325 /* CoreGraphics.framework in Frameworks */,
				DDF9F587418C4E529D5F2926 /* libPods.a in Frameworks */,
			);
			runOnlyForDeploymentPostprocessing = 0;
		};
/* End PBXFrameworksBuildPhase section */

/* Begin PBXGroup section */
		5903A6E21457EFCA00360325 = {
			isa = PBXGroup;
			children = (
				5903A6F71457EFCA00360325 /* MaxSMS */,
				5903A6F01457EFCA00360325 /* Frameworks */,
				5903A6EE1457EFCA00360325 /* Products */,
				21598522C705486C9B943975 /* Pods.xcconfig */,
			);
			sourceTree = "<group>";
		};
		5903A6EE1457EFCA00360325 /* Products */ = {
			isa = PBXGroup;
			children = (
				5903A6ED1457EFCA00360325 /* MaxSMS.app */,
			);
			name = Products;
			sourceTree = "<group>";
		};
		5903A6F01457EFCA00360325 /* Frameworks */ = {
			isa = PBXGroup;
			children = (
				59AFC61614A61C5400061A8D /* AddressBook.framework */,
				59AFC61714A61C5400061A8D /* AddressBookUI.framework */,
				5903A6F11457EFCA00360325 /* UIKit.framework */,
				5903A6F31457EFCA00360325 /* Foundation.framework */,
				5903A6F51457EFCA00360325 /* CoreGraphics.framework */,
				58CADDD4EF6042859A16DFD2 /* libPods.a */,
			);
			name = Frameworks;
			sourceTree = "<group>";
		};
		5903A6F71457EFCA00360325 /* MaxSMS */ = {
			isa = PBXGroup;
			children = (
				59767CBE1577E1A900C8A595 /* button.png */,
				5903A7001457EFCA00360325 /* MSAppDelegate.h */,
				5903A7011457EFCA00360325 /* MSAppDelegate.m */,
				5903A7031457EFCA00360325 /* MSMainViewController.h */,
				5903A7041457EFCA00360325 /* MSMainViewController.m */,
				5903A7061457EFCA00360325 /* MSFlipsideViewController.h */,
				5903A7071457EFCA00360325 /* MSFlipsideViewController.m */,
				236A57591571CC9000EF7B09 /* Storyboard.storyboard */,
				5903A6F81457EFCA00360325 /* Supporting Files */,
			);
			path = MaxSMS;
			sourceTree = "<group>";
		};
		5903A6F81457EFCA00360325 /* Supporting Files */ = {
			isa = PBXGroup;
			children = (
				598654641571DC260073F0FD /* Images */,
				59E684F51457F2E30027F64C /* Settings.bundle */,
				59E684EC1457F0E30027F64C /* LICENSE */,
				59E684ED1457F0E90027F64C /* README.md */,
				5903A6F91457EFCA00360325 /* MaxSMS-Info.plist */,
				5903A6FA1457EFCA00360325 /* InfoPlist.strings */,
				5903A6FD1457EFCA00360325 /* main.m */,
				5903A6FF1457EFCA00360325 /* MaxSMS-Prefix.pch */,
			);
			name = "Supporting Files";
			sourceTree = "<group>";
		};
		598654641571DC260073F0FD /* Images */ = {
			isa = PBXGroup;
			children = (
				59BE63CE15A95651006AA9F8 /* Icon */,
				23E30C67157128C600C84A73 /* txture.png */,
				59C835C81571E0A100BDB7B7 /* txture@2x.png */,
				236A575C1571D1E700EF7B09 /* 08-chat.png */,
				236A575D1571D1E700EF7B09 /* 08-chat@2x.png */,
				236A575E1571D1E700EF7B09 /* 20-gear2.png */,
				236A575F1571D1E700EF7B09 /* 20-gear2@2x.png */,
			);
			name = Images;
			sourceTree = "<group>";
		};
		59BE63CE15A95651006AA9F8 /* Icon */ = {
			isa = PBXGroup;
			children = (
				59BE646215A960CE006AA9F8 /* Icon-Small-50@2x.png */,
				59BE646315A960CE006AA9F8 /* Icon-Small-50.png */,
				59BE646415A960CE006AA9F8 /* iTunesArtwork@2x.png */,
				59BE646515A960CE006AA9F8 /* Icon@2x.png */,
				59BE646615A960CE006AA9F8 /* Icon-72@2x.png */,
				59BE646715A960CE006AA9F8 /* Icon.png */,
				59BE646815A960CE006AA9F8 /* Icon-Small@2x.png */,
				59BE646915A960CE006AA9F8 /* Icon-72.png */,
				59BE646A15A960CE006AA9F8 /* Icon-Small.png */,
				59BE646B15A960CE006AA9F8 /* iTunesArtwork */,
			);
			name = Icon;
			sourceTree = "<group>";
		};
/* End PBXGroup section */

/* Begin PBXNativeTarget section */
		5903A6EC1457EFCA00360325 /* MaxSMS */ = {
			isa = PBXNativeTarget;
			buildConfigurationList = 5903A7141457EFCA00360325 /* Build configuration list for PBXNativeTarget "MaxSMS" */;
			buildPhases = (
				5903A6E91457EFCA00360325 /* Sources */,
				5903A6EA1457EFCA00360325 /* Frameworks */,
				5903A6EB1457EFCA00360325 /* Resources */,
				2E9E00596A134C62930FA2DE /* Copy Pods Resources */,
			);
			buildRules = (
			);
			dependencies = (
			);
			name = MaxSMS;
			productName = MaxSMS;
			productReference = 5903A6ED1457EFCA00360325 /* MaxSMS.app */;
			productType = "com.apple.product-type.application";
		};
/* End PBXNativeTarget section */

/* Begin PBXProject section */
		5903A6E41457EFCA00360325 /* Project object */ = {
			isa = PBXProject;
			attributes = {
				LastUpgradeCheck = 0420;
				ORGANIZATIONNAME = Student;
			};
			buildConfigurationList = 5903A6E71457EFCA00360325 /* Build configuration list for PBXProject "MaxSMS" */;
			compatibilityVersion = "Xcode 3.2";
			developmentRegion = English;
			hasScannedForEncodings = 0;
			knownRegions = (
				en,
			);
			mainGroup = 5903A6E21457EFCA00360325;
			productRefGroup = 5903A6EE1457EFCA00360325 /* Products */;
			projectDirPath = "";
			projectRoot = "";
			targets = (
				5903A6EC1457EFCA00360325 /* MaxSMS */,
			);
		};
/* End PBXProject section */

/* Begin PBXResourcesBuildPhase section */
		5903A6EB1457EFCA00360325 /* Resources */ = {
			isa = PBXResourcesBuildPhase;
			buildActionMask = 2147483647;
			files = (
				5903A6FC1457EFCA00360325 /* InfoPlist.strings in Resources */,
				59E684EE1457F0E90027F64C /* README.md in Resources */,
				59E684F61457F2E30027F64C /* Settings.bundle in Resources */,
				23E30C68157128C600C84A73 /* txture.png in Resources */,
				236A575A1571CC9000EF7B09 /* Storyboard.storyboard in Resources */,
				236A57601571D1E700EF7B09 /* 08-chat.png in Resources */,
				236A57611571D1E700EF7B09 /* 08-chat@2x.png in Resources */,
				236A57621571D1E700EF7B09 /* 20-gear2.png in Resources */,
				236A57631571D1E700EF7B09 /* 20-gear2@2x.png in Resources */,
				59C835C91571E0A100BDB7B7 /* txture@2x.png in Resources */,
				59767CBF1577E1A900C8A595 /* button.png in Resources */,
				59BE646C15A960CE006AA9F8 /* Icon-Small-50@2x.png in Resources */,
				59BE646D15A960CE006AA9F8 /* Icon-Small-50.png in Resources */,
				59BE646E15A960CE006AA9F8 /* iTunesArtwork@2x.png in Resources */,
				59BE646F15A960CE006AA9F8 /* Icon@2x.png in Resources */,
				59BE647015A960CE006AA9F8 /* Icon-72@2x.png in Resources */,
				59BE647115A960CE006AA9F8 /* Icon.png in Resources */,
				59BE647215A960CE006AA9F8 /* Icon-Small@2x.png in Resources */,
				59BE647315A960CE006AA9F8 /* Icon-72.png in Resources */,
				59BE647415A960CE006AA9F8 /* Icon-Small.png in Resources */,
				59BE647515A960CE006AA9F8 /* iTunesArtwork in Resources */,
			);
			runOnlyForDeploymentPostprocessing = 0;
		};
/* End PBXResourcesBuildPhase section */

/* Begin PBXShellScriptBuildPhase section */
		2E9E00596A134C62930FA2DE /* Copy Pods Resources */ = {
			isa = PBXShellScriptBuildPhase;
			buildActionMask = 2147483647;
			files = (
			);
			inputPaths = (
			);
			name = "Copy Pods Resources";
			outputPaths = (
			);
			runOnlyForDeploymentPostprocessing = 0;
			shellPath = /bin/sh;
			shellScript = "\"${SRCROOT}/Pods/Pods-resources.sh\"\n";
		};
/* End PBXShellScriptBuildPhase section */

/* Begin PBXSourcesBuildPhase section */
		5903A6E91457EFCA00360325 /* Sources */ = {
			isa = PBXSourcesBuildPhase;
			buildActionMask = 2147483647;
			files = (
				5903A6FE1457EFCA00360325 /* main.m in Sources */,
				5903A7021457EFCA00360325 /* MSAppDelegate.m in Sources */,
				5903A7051457EFCA00360325 /* MSMainViewController.m in Sources */,
				5903A7081457EFCA00360325 /* MSFlipsideViewController.m in Sources */,
			);
			runOnlyForDeploymentPostprocessing = 0;
		};
/* End PBXSourcesBuildPhase section */

/* Begin PBXVariantGroup section */
		5903A6FA1457EFCA00360325 /* InfoPlist.strings */ = {
			isa = PBXVariantGroup;
			children = (
				5903A6FB1457EFCA00360325 /* en */,
			);
			name = InfoPlist.strings;
			sourceTree = "<group>";
		};
/* End PBXVariantGroup section */

/* Begin XCBuildConfiguration section */
		5903A7121457EFCA00360325 /* Debug */ = {
			isa = XCBuildConfiguration;
			buildSettings = {
				ALWAYS_SEARCH_USER_PATHS = NO;
				ARCHS = "$(ARCHS_STANDARD_32_BIT)";
				CODE_SIGN_IDENTITY = "iPhone Developer";
				"CODE_SIGN_IDENTITY[sdk=iphoneos*]" = "iPhone Developer";
				COPY_PHASE_STRIP = NO;
				GCC_C_LANGUAGE_STANDARD = gnu99;
				GCC_DYNAMIC_NO_PIC = NO;
				GCC_OPTIMIZATION_LEVEL = 0;
				GCC_PREPROCESSOR_DEFINITIONS = (
					"DEBUG=1",
					"$(inherited)",
				);
				GCC_SYMBOLS_PRIVATE_EXTERN = NO;
				GCC_VERSION = com.apple.compilers.llvm.clang.1_0;
				GCC_WARN_ABOUT_MISSING_PROTOTYPES = YES;
				GCC_WARN_ABOUT_RETURN_TYPE = YES;
				GCC_WARN_UNUSED_VARIABLE = YES;
				IPHONEOS_DEPLOYMENT_TARGET = 5.0;
				PROVISIONING_PROFILE = "";
				SDKROOT = iphoneos;
				TARGETED_DEVICE_FAMILY = "1,2";
			};
			name = Debug;
		};
		5903A7131457EFCA00360325 /* Release */ = {
			isa = XCBuildConfiguration;
			buildSettings = {
				ALWAYS_SEARCH_USER_PATHS = NO;
				ARCHS = "$(ARCHS_STANDARD_32_BIT)";
				CODE_SIGN_IDENTITY = "iPhone Distribution";
				"CODE_SIGN_IDENTITY[sdk=iphoneos*]" = "iPhone Developer";
				COPY_PHASE_STRIP = YES;
				GCC_C_LANGUAGE_STANDARD = gnu99;
				GCC_VERSION = com.apple.compilers.llvm.clang.1_0;
				GCC_WARN_ABOUT_MISSING_PROTOTYPES = YES;
				GCC_WARN_ABOUT_RETURN_TYPE = YES;
				GCC_WARN_UNUSED_VARIABLE = YES;
				IPHONEOS_DEPLOYMENT_TARGET = 5.0;
				OTHER_CFLAGS = "-DNS_BLOCK_ASSERTIONS=1";
				PROVISIONING_PROFILE = "";
				SDKROOT = iphoneos;
				TARGETED_DEVICE_FAMILY = "1,2";
				VALIDATE_PRODUCT = YES;
			};
			name = Release;
		};
		5903A7151457EFCA00360325 /* Debug */ = {
			isa = XCBuildConfiguration;
			baseConfigurationReference = 21598522C705486C9B943975 /* Pods.xcconfig */;
			buildSettings = {
				CLANG_ENABLE_OBJC_ARC = YES;
				CLANG_WARN_OBJCPP_ARC_ABI = YES;
				CODE_SIGN_IDENTITY = "";
				DSTROOT = /tmp/xcodeproj.dst;
				GCC_PRECOMPILE_PREFIX_HEADER = YES;
				GCC_PREFIX_HEADER = "MaxSMS/MaxSMS-Prefix.pch";
				GCC_VERSION = com.apple.compilers.llvm.clang.1_0;
				INFOPLIST_FILE = "MaxSMS/MaxSMS-Info.plist";
				PRODUCT_NAME = "$(TARGET_NAME)";
				SKIP_INSTALL = NO;
				TARGETED_DEVICE_FAMILY = 1;
				WRAPPER_EXTENSION = app;
			};
			name = Debug;
		};
		5903A7161457EFCA00360325 /* Release */ = {
			isa = XCBuildConfiguration;
			baseConfigurationReference = 21598522C705486C9B943975 /* Pods.xcconfig */;
			buildSettings = {
				CLANG_ENABLE_OBJC_ARC = YES;
				CLANG_WARN_OBJCPP_ARC_ABI = YES;
				CODE_SIGN_IDENTITY = "";
				"CODE_SIGN_IDENTITY[sdk=iphoneos*]" = "iPhone Distribution";
				DSTROOT = /tmp/xcodeproj.dst;
				GCC_PRECOMPILE_PREFIX_HEADER = YES;
				GCC_PREFIX_HEADER = "MaxSMS/MaxSMS-Prefix.pch";
				GCC_VERSION = com.apple.compilers.llvm.clang.1_0;
				INFOPLIST_FILE = "MaxSMS/MaxSMS-Info.plist";
				PRODUCT_NAME = "$(TARGET_NAME)";
				"PROVISIONING_PROFILE[sdk=iphoneos*]" = "";
				SKIP_INSTALL = NO;
				TARGETED_DEVICE_FAMILY = 1;
				WRAPPER_EXTENSION = app;
			};
			name = Release;
		};
/* End XCBuildConfiguration section */

/* Begin XCConfigurationList section */
		5903A6E71457EFCA00360325 /* Build configuration list for PBXProject "MaxSMS" */ = {
			isa = XCConfigurationList;
			buildConfigurations = (
				5903A7121457EFCA00360325 /* Debug */,
				5903A7131457EFCA00360325 /* Release */,
			);
			defaultConfigurationIsVisible = 0;
			defaultConfigurationName = Release;
		};
		5903A7141457EFCA00360325 /* Build configuration list for PBXNativeTarget "MaxSMS" */ = {
			isa = XCConfigurationList;
			buildConfigurations = (
				5903A7151457EFCA00360325 /* Debug */,
				5903A7161457EFCA00360325 /* Release */,
			);
			defaultConfigurationIsVisible = 0;
			defaultConfigurationName = Release;
		};
/* End XCConfigurationList section */
	};
	rootObject = 5903A6E41457EFCA00360325 /* Project object */;
}
